
Microsoft Visual Studio Solution File, Format Version 12.00
# Visual Studio Version 17
VisualStudioVersion = 17.11.35222.181
MinimumVisualStudioVersion = 10.0.40219.1
Project("{9A19103F-16F7-4668-BE54-9A1E7A4F7556}") = "SaToNiRo", "SaToNiRo\SaToNiRo.csproj", "{E3F72D57-06CA-4145-B13F-8F27F3446041}"
EndProject
Project("{FAE04EC0-301F-11D3-BF4B-00C04F79EFBC}") = "TestsSaToNiRo", "TestsSaToNiRo\TestsSaToNiRo.csproj", "{87918AF5-AB0F-4EC3-B8CD-021CFD349F58}"
EndProject
Global
	GlobalSection(SolutionConfigurationPlatforms) = preSolution
		Debug|Any CPU = Debug|Any CPU
		Release|Any CPU = Release|Any CPU
	EndGlobalSection
	GlobalSection(ProjectConfigurationPlatforms) = postSolution
		{E3F72D57-06CA-4145-B13F-8F27F3446041}.Debug|Any CPU.ActiveCfg = Debug|Any CPU
		{E3F72D57-06CA-4145-B13F-8F27F3446041}.Debug|Any CPU.Build.0 = Debug|Any CPU
		{E3F72D57-06CA-4145-B13F-8F27F3446041}.Release|Any CPU.ActiveCfg = Release|Any CPU
		{E3F72D57-06CA-4145-B13F-8F27F3446041}.Release|Any CPU.Build.0 = Release|Any CPU
		{87918AF5-AB0F-4EC3-B8CD-021CFD349F58}.Debug|Any CPU.ActiveCfg = Debug|Any CPU
		{87918AF5-AB0F-4EC3-B8CD-021CFD349F58}.Debug|Any CPU.Build.0 = Debug|Any CPU
		{87918AF5-AB0F-4EC3-B8CD-021CFD349F58}.Release|Any CPU.ActiveCfg = Release|Any CPU
		{87918AF5-AB0F-4EC3-B8CD-021CFD349F58}.Release|Any CPU.Build.0 = Release|Any CPU
	EndGlobalSection
	GlobalSection(SolutionProperties) = preSolution
		HideSolutionNode = FALSE
	EndGlobalSection
	GlobalSection(ExtensibilityGlobals) = postSolution
		SolutionGuid = {D3BA633A-346C-45EB-B7E5-A72EECD0FD63}
	EndGlobalSection
EndGlobal
